{
  "name": "skypod",
  "version": "1.0.0",
  "lockfileVersion": 3,
  "requires": true,
  "packages": {
    "": {
      "name": "skypod",
      "version": "1.0.0",
      "workspaces": [
        "packages/app",
        "packages/server"
      ]
    },
    "node_modules/@skypod/app": {
      "resolved": "packages/app",
      "link": true
    },
    "node_modules/@skypod/server": {
      "resolved": "packages/server",
      "link": true
    },
    "packages/app": {
      "name": "@skypod/app",
      "version": "1.0.0"
    },
    "packages/server": {
      "name": "@skypod/server",
      "version": "1.0.0"
    }
  }
}
